// !$*UTF8*$!
{
	archiveVersion = 1;
	classes = {
	};
	objectVersion = 77;
	objects = {

/* Begin PBXBuildFile section */
		C45743D82F5927D700BB4EFC /* EngineManager.swift in Sources */ = {isa = PBXBuildFile; fileRef = C45743D72F5927D600BB4EFC /* EngineManager.swift */; };
		C45743DC2F592B7200BB4EFC /* SettingsView.swift in Sources */ = {isa = PBXBuildFile; fileRef = C45743DB2F592B7200BB4EFC /* SettingsView.swift */; };
		C45743DE2F592C6B00BB4EFC /* APIClient.swift in Sources */ = {isa = PBXBuildFile; fileRef = C45743DD2F592C6B00BB4EFC /* APIClient.swift */; };
		C45743E02F592CF300BB4EFC /* Models.swift in Sources */ = {isa = PBXBuildFile; fileRef = C45743DF2F592CF300BB4EFC /* Models.swift */; };
/* End PBXBuildFile section */

/* Begin PBXContainerItemProxy section */
		C45743BB2F5924F500BB4EFC /* PBXContainerItemProxy */ = {
			isa = PBXContainerItemProxy;
			containerPortal = C45743A52F5924F200BB4EFC /* Project object */;
			proxyType = 1;
			remoteGlobalIDString = C45743AC2F5924F200BB4EFC;
			remoteInfo = LoocieCoreAI;
		};
		C45743C52F5924F500BB4EFC /* PBXContainerItemProxy */ = {
			isa = PBXContainerItemProxy;
			containerPortal = C45743A52F5924F200BB4EFC /* Project object */;
			proxyType = 1;
			remoteGlobalIDString = C45743AC2F5924F200BB4EFC;
			remoteInfo = LoocieCoreAI;
		};
/* End PBXContainerItemProxy section */

/* Begin PBXFileReference section */
		C45743AD2F5924F200BB4EFC /* LoocieCoreAI.app */ = {isa = PBXFileReference; explicitFileType = wrapper.application; includeInIndex = 0; path = LoocieCoreAI.app; sourceTree = BUILT_PRODUCTS_DIR; };
		C45743BA2F5924F500BB4EFC /* LoocieCoreAITests.xctest */ = {isa = PBXFileReference; explicitFileType = wrapper.cfbundle; includeInIndex = 0; path = LoocieCoreAITests.xctest; sourceTree = BUILT_PRODUCTS_DIR; };
		C45743C42F5924F500BB4EFC /* LoocieCoreAIUITests.xctest */ = {isa = PBXFileReference; explicitFileType = wrapper.cfbundle; includeInIndex = 0; path = LoocieCoreAIUITests.xctest; sourceTree = BUILT_PRODUCTS_DIR; };
		C45743D72F5927D600BB4EFC /* EngineManager.swift */ = {isa = PBXFileReference; lastKnownFileType = sourcecode.swift; path = EngineManager.swift; sourceTree = "<group>"; };
		C45743DB2F592B7200BB4EFC /* SettingsView.swift */ = {isa = PBXFileReference; lastKnownFileType = sourcecode.swift; path = SettingsView.swift; sourceTree = "<group>"; };
		C45743DD2F592C6B00BB4EFC /* APIClient.swift */ = {isa = PBXFileReference; lastKnownFileType = sourcecode.swift; path = APIClient.swift; sourceTree = "<group>"; };
		C45743DF2F592CF300BB4EFC /* Models.swift */ = {isa = PBXFileReference; lastKnownFileType = sourcecode.swift; path = Models.swift; sourceTree = "<group>"; };
/* End PBXFileReference section */

/* Begin PBXFileSystemSynchronizedRootGroup section */
		C45743AF2F5924F200BB4EFC /* LoocieCoreAI */ = {
			isa = PBXFileSystemSynchronizedRootGroup;
			path = LoocieCoreAI;
			sourceTree = "<group>";
		};
		C45743BD2F5924F500BB4EFC /* LoocieCoreAITests */ = {
			isa = PBXFileSystemSynchronizedRootGroup;
			path = LoocieCoreAITests;
			sourceTree = "<group>";
		};
		C45743C72F5924F500BB4EFC /* LoocieCoreAIUITests */ = {
			isa = PBXFileSystemSynchronizedRootGroup;
			path = LoocieCoreAIUITests;
			sourceTree = "<group>";
		};
/* End PBXFileSystemSynchronizedRootGroup section */

/* Begin PBXFrameworksBuildPhase section */
		C45743AA2F5924F200BB4EFC /* Frameworks */ = {
			isa = PBXFrameworksBuildPhase;
			buildActionMask = 2147483647;
			files = (
			);
			runOnlyForDeploymentPostprocessing = 0;
		};
		C45743B72F5924F500BB4EFC /* Frameworks */ = {
			isa = PBXFrameworksBuildPhase;
			buildActionMask = 2147483647;
			files = (
			);
			runOnlyForDeploymentPostprocessing = 0;
		};
		C45743C12F5924F500BB4EFC /* Frameworks */ = {
			isa = PBXFrameworksBuildPhase;
			buildActionMask = 2147483647;
			files = (
			);
			runOnlyForDeploymentPostprocessing = 0;
		};
/* End PBXFrameworksBuildPhase section */

/* Begin PBXGroup section */
		C45743A42F5924F200BB4EFC = {
			isa = PBXGroup;
			children = (
				C45743DF2F592CF300BB4EFC /* Models.swift */,
				C45743DD2F592C6B00BB4EFC /* APIClient.swift */,
				C45743DB2F592B7200BB4EFC /* SettingsView.swift */,
				C45743D72F5927D600BB4EFC /* EngineManager.swift */,
				C45743AF2F5924F200BB4EFC /* LoocieCoreAI */,
				C45743BD2F5924F500BB4EFC /* LoocieCoreAITests */,
				C45743C72F5924F500BB4EFC /* LoocieCoreAIUITests */,
				C45743AE2F5924F200BB4EFC /* Products */,
			);
			sourceTree = "<group>";
		};
		C45743AE2F5924F200BB4EFC /* Products */ = {
			isa = PBXGroup;
			children = (
				C45743AD2F5924F200BB4EFC /* LoocieCoreAI.app */,
				C45743BA2F5924F500BB4EFC /* LoocieCoreAITests.xctest */,
				C45743C42F5924F500BB4EFC /* LoocieCoreAIUITests.xctest */,
			);
			name = Products;
			sourceTree = "<group>";
		};
/* End PBXGroup section */

/* Begin PBXNativeTarget section */
		C45743AC2F5924F200BB4EFC /* LoocieCoreAI */ = {
			isa = PBXNativeTarget;
			buildConfigurationList = C45743CE2F5924F500BB4EFC /* Build configuration list for PBXNativeTarget "LoocieCoreAI" */;
			buildPhases = (
				C45743A92F5924F200BB4EFC /* Sources */,
				C45743AA2F5924F200BB4EFC /* Frameworks */,
				C45743AB2F5924F200BB4EFC /* Resources */,
			);
			buildRules = (
			);
			dependencies = (
			);
			fileSystemSynchronizedGroups = (
				C45743AF2F5924F200BB4EFC /* LoocieCoreAI */,
			);
			name = LoocieCoreAI;
			packageProductDependencies = (
			);
			productName = LoocieCoreAI;
			productReference = C45743AD2F5924F200BB4EFC /* LoocieCoreAI.app */;
			productType = "com.apple.product-type.application";
		};
		C45743B92F5924F500BB4EFC /* LoocieCoreAITests */ = {
			isa = PBXNativeTarget;
			buildConfigurationList = C45743D12F5924F500BB4EFC /* Build configuration list for PBXNativeTarget "LoocieCoreAITests" */;
			buildPhases = (
				C45743B62F5924F500BB4EFC /* Sources */,
				C45743B72F5924F500BB4EFC /* Frameworks */,
				C45743B82F5924F500BB4EFC /* Resources */,
			);
			buildRules = (
			);
			dependencies = (
				C45743BC2F5924F500BB4EFC /* PBXTargetDependency */,
			);
			fileSystemSynchronizedGroups = (
				C45743BD2F5924F500BB4EFC /* LoocieCoreAITests */,
			);
			name = LoocieCoreAITests;
			packageProductDependencies = (
			);
			productName = LoocieCoreAITests;
			productReference = C45743BA2F5924F500BB4EFC /* LoocieCoreAITests.xctest */;
			productType = "com.apple.product-type.bundle.unit-test";
		};
		C45743C32F5924F500BB4EFC /* LoocieCoreAIUITests */ = {
			isa = PBXNativeTarget;
			buildConfigurationList = C45743D42F5924F500BB4EFC /* Build configuration list for PBXNativeTarget "LoocieCoreAIUITests" */;
			buildPhases = (
				C45743C02F5924F500BB4EFC /* Sources */,
				C45743C12F5924F500BB4EFC /* Frameworks */,
				C45743C22F5924F500BB4EFC /* Resources */,
			);
			buildRules = (
			);
			dependencies = (
				C45743C62F5924F500BB4EFC /* PBXTargetDependency */,
			);
			fileSystemSynchronizedGroups = (
				C45743C72F5924F500BB4EFC /* LoocieCoreAIUITests */,
			);
			name = LoocieCoreAIUITests;
			packageProductDependencies = (
			);
			productName = LoocieCoreAIUITests;
			productReference = C45743C42F5924F500BB4EFC /* LoocieCoreAIUITests.xctest */;
			productType = "com.apple.product-type.bundle.ui-testing";
		};
/* End PBXNativeTarget section */

/* Begin PBXProject section */
		C45743A52F5924F200BB4EFC /* Project object */ = {
			isa = PBXProject;
			attributes = {
				BuildIndependentTargetsInParallel = 1;
				LastSwiftUpdateCheck = 2630;
				LastUpgradeCheck = 2630;
				TargetAttributes = {
					C45743AC2F5924F200BB4EFC = {
						CreatedOnToolsVersion = 26.3;
					};
					C45743B92F5924F500BB4EFC = {
						CreatedOnToolsVersion = 26.3;
						TestTargetID = C45743AC2F5924F200BB4EFC;
					};
					C45743C32F5924F500BB4EFC = {
						CreatedOnToolsVersion = 26.3;
						TestTargetID = C45743AC2F5924F200BB4EFC;
					};
				};
			};
			buildConfigurationList = C45743A82F5924F200BB4EFC /* Build configuration list for PBXProject "LoocieCoreAI" */;
			developmentRegion = en;
			hasScannedForEncodings = 0;
			knownRegions = (
				en,
				Base,
			);
			mainGroup = C45743A42F5924F200BB4EFC;
			minimizedProjectReferenceProxies = 1;
			preferredProjectObjectVersion = 77;
			productRefGroup = C45743AE2F5924F200BB4EFC /* Products */;
			projectDirPath = "";
			projectRoot = "";
			targets = (
				C45743AC2F5924F200BB4EFC /* LoocieCoreAI */,
				C45743B92F5924F500BB4EFC /* LoocieCoreAITests */,
				C45743C32F5924F500BB4EFC /* LoocieCoreAIUITests */,
			);
		};
/* End PBXProject section */

/* Begin PBXResourcesBuildPhase section */
		C45743AB2F5924F200BB4EFC /* Resources */ = {
			isa = PBXResourcesBuildPhase;
			buildActionMask = 2147483647;
			files = (
			);
			runOnlyForDeploymentPostprocessing = 0;
		};
		C45743B82F5924F500BB4EFC /* Resources */ = {
			isa = PBXResourcesBuildPhase;
			buildActionMask = 2147483647;
			files = (
			);
			runOnlyForDeploymentPostprocessing = 0;
		};
		C45743C22F5924F500BB4EFC /* Resources */ = {
			isa = PBXResourcesBuildPhase;
			buildActionMask = 2147483647;
			files = (
			);
			runOnlyForDeploymentPostprocessing = 0;
		};
/* End PBXResourcesBuildPhase section */

/* Begin PBXSourcesBuildPhase section */
		C45743A92F5924F200BB4EFC /* Sources */ = {
			isa = PBXSourcesBuildPhase;
			buildActionMask = 2147483647;
			files = (
				C45743DC2F592B7200BB4EFC /* SettingsView.swift in Sources */,
				C45743D82F5927D700BB4EFC /* EngineManager.swift in Sources */,
				C45743E02F592CF300BB4EFC /* Models.swift in Sources */,
				C45743DE2F592C6B00BB4EFC /* APIClient.swift in Sources */,
			);
			runOnlyForDeploymentPostprocessing = 0;
		};
		C45743B62F5924F500BB4EFC /* Sources */ = {
			isa = PBXSourcesBuildPhase;
			buildActionMask = 2147483647;
			files = (
			);
			runOnlyForDeploymentPostprocessing = 0;
		};
		C45743C02F5924F500BB4EFC /* Sources */ = {
			isa = PBXSourcesBuildPhase;
			buildActionMask = 2147483647;
			files = (
			);
			runOnlyForDeploymentPostprocessing = 0;
		};
/* End PBXSourcesBuildPhase section */

/* Begin PBXTargetDependency section */
		C45743BC2F5924F500BB4EFC /* PBXTargetDependency */ = {
			isa = PBXTargetDependency;
			target = C45743AC2F5924F200BB4EFC /* LoocieCoreAI */;
			targetProxy = C45743BB2F5924F500BB4EFC /* PBXContainerItemProxy */;
		};
		C45743C62F5924F500BB4EFC /* PBXTargetDependency */ = {
			isa = PBXTargetDependency;
			target = C45743AC2F5924F200BB4EFC /* LoocieCoreAI */;
			targetProxy = C45743C52F5924F500BB4EFC /* PBXContainerItemProxy */;
		};
/* End PBXTargetDependency section */

/* Begin XCBuildConfiguration section */
		C45743CC2F5924F500BB4EFC /* Debug */ = {
			isa = XCBuildConfiguration;
			buildSettings = {
				ALWAYS_SEARCH_USER_PATHS = NO;
				ASSETCATALOG_COMPILER_GENERATE_SWIFT_ASSET_SYMBOL_EXTENSIONS = YES;
				CLANG_ANALYZER_NONNULL = YES;
				CLANG_ANALYZER_NUMBER_OBJECT_CONVERSION = YES_AGGRESSIVE;
				CLANG_CXX_LANGUAGE_STANDARD = "gnu++20";
				CLANG_ENABLE_MODULES = YES;
				CLANG_ENABLE_OBJC_ARC = YES;
				CLANG_ENABLE_OBJC_WEAK = YES;
				CLANG_WARN_BLOCK_CAPTURE_AUTORELEASING = YES;
				CLANG_WARN_BOOL_CONVERSION = YES;
				CLANG_WARN_COMMA = YES;
				CLANG_WARN_CONSTANT_CONVERSION = YES;
				CLANG_WARN_DEPRECATED_OBJC_IMPLEMENTATIONS = YES;
				CLANG_WARN_DIRECT_OBJC_ISA_USAGE = YES_ERROR;
				CLANG_WARN_DOCUMENTATION_COMMENTS = YES;
				CLANG_WARN_EMPTY_BODY = YES;
				CLANG_WARN_ENUM_CONVERSION = YES;
				CLANG_WARN_INFINITE_RECURSION = YES;
				CLANG_WARN_INT_CONVERSION = YES;
				CLANG_WARN_NON_LITERAL_NULL_CONVERSION = YES;
				CLANG_WARN_OBJC_IMPLICIT_RETAIN_SELF = YES;
				CLANG_WARN_OBJC_LITERAL_CONVERSION = YES;
				CLANG_WARN_OBJC_ROOT_CLASS = YES_ERROR;
				CLANG_WARN_QUOTED_INCLUDE_IN_FRAMEWORK_HEADER = YES;
				CLANG_WARN_RANGE_LOOP_ANALYSIS = YES;
				CLANG_WARN_STRICT_PROTOTYPES = YES;
				CLANG_WARN_SUSPICIOUS_MOVE = YES;
				CLANG_WARN_UNGUARDED_AVAILABILITY = YES_AGGRESSIVE;
				CLANG_WARN_UNREACHABLE_CODE = YES;
				CLANG_WARN__DUPLICATE_METHOD_MATCH = YES;
				COPY_PHASE_STRIP = NO;
				DEBUG_INFORMATION_FORMAT = dwarf;
				ENABLE_STRICT_OBJC_MSGSEND = YES;
				ENABLE_TESTABILITY = YES;
				ENABLE_USER_SCRIPT_SANDBOXING = YES;
				GCC_C_LANGUAGE_STANDARD = gnu17;
				GCC_DYNAMIC_NO_PIC = NO;
				GCC_NO_COMMON_BLOCKS = YES;
				GCC_OPTIMIZATION_LEVEL = 0;
				GCC_PREPROCESSOR_DEFINITIONS = (
					"DEBUG=1",
					"$(inherited)",
				);
				GCC_WARN_64_TO_32_BIT_CONVERSION = YES;
				GCC_WARN_ABOUT_RETURN_TYPE = YES_ERROR;
				GCC_WARN_UNDECLARED_SELECTOR = YES;
				GCC_WARN_UNINITIALIZED_AUTOS = YES_AGGRESSIVE;
				GCC_WARN_UNUSED_FUNCTION = YES;
				GCC_WARN_UNUSED_VARIABLE = YES;
				LOCALIZATION_PREFERS_STRING_CATALOGS = YES;
				MACOSX_DEPLOYMENT_TARGET = 26.2;
				MTL_ENABLE_DEBUG_INFO = INCLUDE_SOURCE;
				MTL_FAST_MATH = YES;
				ONLY_ACTIVE_ARCH = YES;
				SDKROOT = macosx;
				SWIFT_ACTIVE_COMPILATION_CONDITIONS = "DEBUG $(inherited)";
				SWIFT_OPTIMIZATION_LEVEL = "-Onone";
			};
			name = Debug;
		};
		C45743CD2F5924F500BB4EFC /* Release */ = {
			isa = XCBuildConfiguration;
			buildSettings = {
				ALWAYS_SEARCH_USER_PATHS = NO;
				ASSETCATALOG_COMPILER_GENERATE_SWIFT_ASSET_SYMBOL_EXTENSIONS = YES;
				CLANG_ANALYZER_NONNULL = YES;
				CLANG_ANALYZER_NUMBER_OBJECT_CONVERSION = YES_AGGRESSIVE;
				CLANG_CXX_LANGUAGE_STANDARD = "gnu++20";
				CLANG_ENABLE_MODULES = YES;
				CLANG_ENABLE_OBJC_ARC = YES;
				CLANG_ENABLE_OBJC_WEAK = YES;
				CLANG_WARN_BLOCK_CAPTURE_AUTORELEASING = YES;
				CLANG_WARN_BOOL_CONVERSION = YES;
				CLANG_WARN_COMMA = YES;
				CLANG_WARN_CONSTANT_CONVERSION = YES;
				CLANG_WARN_DEPRECATED_OBJC_IMPLEMENTATIONS = YES;
				CLANG_WARN_DIRECT_OBJC_ISA_USAGE = YES_ERROR;
				CLANG_WARN_DOCUMENTATION_COMMENTS = YES;
				CLANG_WARN_EMPTY_BODY = YES;
				CLANG_WARN_ENUM_CONVERSION = YES;
				CLANG_WARN_INFINITE_RECURSION = YES;
				CLANG_WARN_INT_CONVERSION = YES;
				CLANG_WARN_NON_LITERAL_NULL_CONVERSION = YES;
				CLANG_WARN_OBJC_IMPLICIT_RETAIN_SELF = YES;
				CLANG_WARN_OBJC_LITERAL_CONVERSION = YES;
				CLANG_WARN_OBJC_ROOT_CLASS = YES_ERROR;
				CLANG_WARN_QUOTED_INCLUDE_IN_FRAMEWORK_HEADER = YES;
				CLANG_WARN_RANGE_LOOP_ANALYSIS = YES;
				CLANG_WARN_STRICT_PROTOTYPES = YES;
				CLANG_WARN_SUSPICIOUS_MOVE = YES;
				CLANG_WARN_UNGUARDED_AVAILABILITY = YES_AGGRESSIVE;
				CLANG_WARN_UNREACHABLE_CODE = YES;
				CLANG_WARN__DUPLICATE_METHOD_MATCH = YES;
				COPY_PHASE_STRIP = NO;
				DEBUG_INFORMATION_FORMAT = "dwarf-with-dsym";
				ENABLE_NS_ASSERTIONS = NO;
				ENABLE_STRICT_OBJC_MSGSEND = YES;
				ENABLE_USER_SCRIPT_SANDBOXING = YES;
				GCC_C_LANGUAGE_STANDARD = gnu17;
				GCC_NO_COMMON_BLOCKS = YES;
				GCC_WARN_64_TO_32_BIT_CONVERSION = YES;
				GCC_WARN_ABOUT_RETURN_TYPE = YES_ERROR;
				GCC_WARN_UNDECLARED_SELECTOR = YES;
				GCC_WARN_UNINITIALIZED_AUTOS = YES_AGGRESSIVE;
				GCC_WARN_UNUSED_FUNCTION = YES;
				GCC_WARN_UNUSED_VARIABLE = YES;
				LOCALIZATION_PREFERS_STRING_CATALOGS = YES;
				MACOSX_DEPLOYMENT_TARGET = 26.2;
				MTL_ENABLE_DEBUG_INFO = NO;
				MTL_FAST_MATH = YES;
				SDKROOT = macosx;
				SWIFT_COMPILATION_MODE = wholemodule;
			};
			name = Release;
		};
		C45743CF2F5924F500BB4EFC /* Debug */ = {
			isa = XCBuildConfiguration;
			buildSettings = {
				ASSETCATALOG_COMPILER_APPICON_NAME = AppIcon;
				ASSETCATALOG_COMPILER_GLOBAL_ACCENT_COLOR_NAME = AccentColor;
				CODE_SIGN_STYLE = Automatic;
				COMBINE_HIDPI_IMAGES = YES;
				CURRENT_PROJECT_VERSION = 1;
				ENABLE_APP_SANDBOX = YES;
				ENABLE_INCOMING_NETWORK_CONNECTIONS = NO;
				ENABLE_OUTGOING_NETWORK_CONNECTIONS = YES;
				ENABLE_PREVIEWS = YES;
				ENABLE_RESOURCE_ACCESS_AUDIO_INPUT = NO;
				ENABLE_RESOURCE_ACCESS_BLUETOOTH = NO;
				ENABLE_RESOURCE_ACCESS_CALENDARS = NO;
				ENABLE_RESOURCE_ACCESS_CAMERA = NO;
				ENABLE_RESOURCE_ACCESS_CONTACTS = NO;
				ENABLE_RESOURCE_ACCESS_LOCATION = NO;
				ENABLE_RESOURCE_ACCESS_PRINTING = NO;
				ENABLE_RESOURCE_ACCESS_USB = NO;
				ENABLE_USER_SELECTED_FILES = readonly;
				GENERATE_INFOPLIST_FILE = YES;
				INFOPLIST_KEY_NSHumanReadableCopyright = "";
				LD_RUNPATH_SEARCH_PATHS = (
					"$(inherited)",
					"@executable_path/../Frameworks",
				);
				MARKETING_VERSION = 1.0;
				PRODUCT_BUNDLE_IDENTIFIER = HIP.LoocieCoreAI;
				PRODUCT_NAME = "$(TARGET_NAME)";
				REGISTER_APP_GROUPS = YES;
				STRING_CATALOG_GENERATE_SYMBOLS = YES;
				SWIFT_APPROACHABLE_CONCURRENCY = YES;
				SWIFT_DEFAULT_ACTOR_ISOLATION = MainActor;
				SWIFT_EMIT_LOC_STRINGS = YES;
				SWIFT_UPCOMING_FEATURE_MEMBER_IMPORT_VISIBILITY = YES;
				SWIFT_VERSION = 5.0;
			};
			name = Debug;
		};
		C45743D02F5924F500BB4EFC /* Release */ = {
			isa = XCBuildConfiguration;
			buildSettings = {
				ASSETCATALOG_COMPILER_APPICON_NAME = AppIcon;
				ASSETCATALOG_COMPILER_GLOBAL_ACCENT_COLOR_NAME = AccentColor;
				CODE_SIGN_STYLE = Automatic;
				COMBINE_HIDPI_IMAGES = YES;
				CURRENT_PROJECT_VERSION = 1;
				ENABLE_APP_SANDBOX = YES;
				ENABLE_INCOMING_NETWORK_CONNECTIONS = NO;
				ENABLE_OUTGOING_NETWORK_CONNECTIONS = YES;
				ENABLE_PREVIEWS = YES;
				ENABLE_RESOURCE_ACCESS_AUDIO_INPUT = NO;
				ENABLE_RESOURCE_ACCESS_BLUETOOTH = NO;
				ENABLE_RESOURCE_ACCESS_CALENDARS = NO;
				ENABLE_RESOURCE_ACCESS_CAMERA = NO;
				ENABLE_RESOURCE_ACCESS_CONTACTS = NO;
				ENABLE_RESOURCE_ACCESS_LOCATION = NO;
				ENABLE_RESOURCE_ACCESS_PRINTING = NO;
				ENABLE_RESOURCE_ACCESS_USB = NO;
				ENABLE_USER_SELECTED_FILES = readonly;
				GENERATE_INFOPLIST_FILE = YES;
				INFOPLIST_KEY_NSHumanReadableCopyright = "";
				LD_RUNPATH_SEARCH_PATHS = (
					"$(inherited)",
					"@executable_path/../Frameworks",
				);
				MARKETING_VERSION = 1.0;
				PRODUCT_BUNDLE_IDENTIFIER = HIP.LoocieCoreAI;
				PRODUCT_NAME = "$(TARGET_NAME)";
				REGISTER_APP_GROUPS = YES;
				STRING_CATALOG_GENERATE_SYMBOLS = YES;
				SWIFT_APPROACHABLE_CONCURRENCY = YES;
				SWIFT_DEFAULT_ACTOR_ISOLATION = MainActor;
				SWIFT_EMIT_LOC_STRINGS = YES;
				SWIFT_UPCOMING_FEATURE_MEMBER_IMPORT_VISIBILITY = YES;
				SWIFT_VERSION = 5.0;
			};
			name = Release;
		};
		C45743D22F5924F500BB4EFC /* Debug */ = {
			isa = XCBuildConfiguration;
			buildSettings = {
				BUNDLE_LOADER = "$(TEST_HOST)";
				CODE_SIGN_STYLE = Automatic;
				CURRENT_PROJECT_VERSION = 1;
				GENERATE_INFOPLIST_FILE = YES;
				MACOSX_DEPLOYMENT_TARGET = 26.2;
				MARKETING_VERSION = 1.0;
				PRODUCT_BUNDLE_IDENTIFIER = HIP.LoocieCoreAITests;
				PRODUCT_NAME = "$(TARGET_NAME)";
				STRING_CATALOG_GENERATE_SYMBOLS = NO;
				SWIFT_APPROACHABLE_CONCURRENCY = YES;
				SWIFT_EMIT_LOC_STRINGS = NO;
				SWIFT_UPCOMING_FEATURE_MEMBER_IMPORT_VISIBILITY = YES;
				SWIFT_VERSION = 5.0;
				TEST_HOST = "$(BUILT_PRODUCTS_DIR)/LoocieCoreAI.app/$(BUNDLE_EXECUTABLE_FOLDER_PATH)/LoocieCoreAI";
			};
			name = Debug;
		};
		C45743D32F5924F500BB4EFC /* Release */ = {
			isa = XCBuildConfiguration;
			buildSettings = {
				BUNDLE_LOADER = "$(TEST_HOST)";
				CODE_SIGN_STYLE = Automatic;
				CURRENT_PROJECT_VERSION = 1;
				GENERATE_INFOPLIST_FILE = YES;
				MACOSX_DEPLOYMENT_TARGET = 26.2;
				MARKETING_VERSION = 1.0;
				PRODUCT_BUNDLE_IDENTIFIER = HIP.LoocieCoreAITests;
				PRODUCT_NAME = "$(TARGET_NAME)";
				STRING_CATALOG_GENERATE_SYMBOLS = NO;
				SWIFT_APPROACHABLE_CONCURRENCY = YES;
				SWIFT_EMIT_LOC_STRINGS = NO;
				SWIFT_UPCOMING_FEATURE_MEMBER_IMPORT_VISIBILITY = YES;
				SWIFT_VERSION = 5.0;
				TEST_HOST = "$(BUILT_PRODUCTS_DIR)/LoocieCoreAI.app/$(BUNDLE_EXECUTABLE_FOLDER_PATH)/LoocieCoreAI";
			};
			name = Release;
		};
		C45743D52F5924F500BB4EFC /* Debug */ = {
			isa = XCBuildConfiguration;
			buildSettings = {
				CODE_SIGN_STYLE = Automatic;
				CURRENT_PROJECT_VERSION = 1;
				GENERATE_INFOPLIST_FILE = YES;
				MARKETING_VERSION = 1.0;
				PRODUCT_BUNDLE_IDENTIFIER = HIP.LoocieCoreAIUITests;
				PRODUCT_NAME = "$(TARGET_NAME)";
				STRING_CATALOG_GENERATE_SYMBOLS = NO;
				SWIFT_APPROACHABLE_CONCURRENCY = YES;
				SWIFT_EMIT_LOC_STRINGS = NO;
				SWIFT_UPCOMING_FEATURE_MEMBER_IMPORT_VISIBILITY = YES;
				SWIFT_VERSION = 5.0;
				TEST_TARGET_NAME = LoocieCoreAI;
			};
			name = Debug;
		};
		C45743D62F5924F500BB4EFC /* Release */ = {
			isa = XCBuildConfiguration;
			buildSettings = {
				CODE_SIGN_STYLE = Automatic;
				CURRENT_PROJECT_VERSION = 1;
				GENERATE_INFOPLIST_FILE = YES;
				MARKETING_VERSION = 1.0;
				PRODUCT_BUNDLE_IDENTIFIER = HIP.LoocieCoreAIUITests;
				PRODUCT_NAME = "$(TARGET_NAME)";
				STRING_CATALOG_GENERATE_SYMBOLS = NO;
				SWIFT_APPROACHABLE_CONCURRENCY = YES;
				SWIFT_EMIT_LOC_STRINGS = NO;
				SWIFT_UPCOMING_FEATURE_MEMBER_IMPORT_VISIBILITY = YES;
				SWIFT_VERSION = 5.0;
				TEST_TARGET_NAME = LoocieCoreAI;
			};
			name = Release;
		};
/* End XCBuildConfiguration section */

/* Begin XCConfigurationList section */
		C45743A82F5924F200BB4EFC /* Build configuration list for PBXProject "LoocieCoreAI" */ = {
			isa = XCConfigurationList;
			buildConfigurations = (
				C45743CC2F5924F500BB4EFC /* Debug */,
				C45743CD2F5924F500BB4EFC /* Release */,
			);
			defaultConfigurationIsVisible = 0;
			defaultConfigurationName = Release;
		};
		C45743CE2F5924F500BB4EFC /* Build configuration list for PBXNativeTarget "LoocieCoreAI" */ = {
			isa = XCConfigurationList;
			buildConfigurations = (
				C45743CF2F5924F500BB4EFC /* Debug */,
				C45743D02F5924F500BB4EFC /* Release */,
			);
			defaultConfigurationIsVisible = 0;
			defaultConfigurationName = Release;
		};
		C45743D12F5924F500BB4EFC /* Build configuration list for PBXNativeTarget "LoocieCoreAITests" */ = {
			isa = XCConfigurationList;
			buildConfigurations = (
				C45743D22F5924F500BB4EFC /* Debug */,
				C45743D32F5924F500BB4EFC /* Release */,
			);
			defaultConfigurationIsVisible = 0;
			defaultConfigurationName = Release;
		};
		C45743D42F5924F500BB4EFC /* Build configuration list for PBXNativeTarget "LoocieCoreAIUITests" */ = {
			isa = XCConfigurationList;
			buildConfigurations = (
				C45743D52F5924F500BB4EFC /* Debug */,
				C45743D62F5924F500BB4EFC /* Release */,
			);
			defaultConfigurationIsVisible = 0;
			defaultConfigurationName = Release;
		};
/* End XCConfigurationList section */
	};
	rootObject = C45743A52F5924F200BB4EFC /* Project object */;
}
